{
  "version": 1,
  "dependencies": {
    "net9.0-windows10.0.26100": {
      "Microsoft.Web.WebView2": {
        "type": "Direct",
        "requested": "[1.0.4078.44, )",
        "resolved": "1.0.4078.44",
        "contentHash": "TQkHa/aOHUqFHnJIJ/2ZmJ4nLcQJi0Pc0rj9BAs7SP5sT/KtVtb8jFp9uqQL6cKzCRSrwjS/wEPA43NWUOzU+A=="
      }
    },
    "net9.0-windows10.0.26100/win-x64": {
      "Microsoft.Web.WebView2": {
        "type": "Direct",
        "requested": "[1.0.4078.44, )",
        "resolved": "1.0.4078.44",
        "contentHash": "TQkHa/aOHUqFHnJIJ/2ZmJ4nLcQJi0Pc0rj9BAs7SP5sT/KtVtb8jFp9uqQL6cKzCRSrwjS/wEPA43NWUOzU+A=="
      }
    }
  }
}
